
Microsoft Visual Studio Solution File, Format Version 12.00
# Visual Studio Version 17
VisualStudioVersion = 17.5.33502.453
MinimumVisualStudioVersion = 10.0.40219.1
Project("{2150E333-8FDC-42A3-9474-1A3956D46DE8}") = "src", "src", "{676F6F40-C80A-4CE5-8BEA-9605E1EE6E70}"
EndProject
Project("{2150E333-8FDC-42A3-9474-1A3956D46DE8}") = "Core", "Core", "{7A8BA206-1F34-4C2E-A96D-45B21DFDB698}"
EndProject
Project("{2150E333-8FDC-42A3-9474-1A3956D46DE8}") = "External", "External", "{055F6E7B-268B-4260-B1CC-E71DDDA20582}"
EndProject
Project("{2150E333-8FDC-42A3-9474-1A3956D46DE8}") = "Test", "Test", "{310E85E1-ABE1-4F81-87D7-1D34233F554E}"
EndProject
Project("{FAE04EC0-301F-11D3-BF4B-00C04F79EFBC}") = "OnlineAccountingAPI", "src\OnlineAccountingAPI\OnlineAccountingAPI.csproj", "{3BB2121A-49A3-4255-A8C1-E4B6E7DDD599}"
EndProject
Project("{FAE04EC0-301F-11D3-BF4B-00C04F79EFBC}") = "Domain", "src\Core\Domain\Domain.csproj", "{3D98853D-FC17-40A7-9F42-7C1A7476FB7E}"
EndProject
Project("{FAE04EC0-301F-11D3-BF4B-00C04F79EFBC}") = "Application", "src\Core\Application\Application.csproj", "{6CB46510-FEEA-4BBA-91C7-54DD7544136E}"
EndProject
Project("{FAE04EC0-301F-11D3-BF4B-00C04F79EFBC}") = "Persistance", "src\External\Persistance\Persistance.csproj", "{D190A43F-AB04-4695-B5DE-1C2DC0B779EB}"
EndProject
Project("{FAE04EC0-301F-11D3-BF4B-00C04F79EFBC}") = "Presentation", "src\External\Presentation\Presentation.csproj", "{8A4DB8DE-C3FA-4FCF-84CC-6C287DEF17F8}"
EndProject
Project("{FAE04EC0-301F-11D3-BF4B-00C04F79EFBC}") = "Infrasturcture", "src\External\Infrasturcture\Infrasturcture.csproj", "{9A06C209-20EC-4FBD-90EA-FD101E05ACB4}"
EndProject
Global
	GlobalSection(SolutionConfigurationPlatforms) = preSolution
		Debug|Any CPU = Debug|Any CPU
		Release|Any CPU = Release|Any CPU
	EndGlobalSection
	GlobalSection(ProjectConfigurationPlatforms) = postSolution
		{3BB2121A-49A3-4255-A8C1-E4B6E7DDD599}.Debug|Any CPU.ActiveCfg = Debug|Any CPU
		{3BB2121A-49A3-4255-A8C1-E4B6E7DDD599}.Debug|Any CPU.Build.0 = Debug|Any CPU
		{3BB2121A-49A3-4255-A8C1-E4B6E7DDD599}.Release|Any CPU.ActiveCfg = Release|Any CPU
		{3BB2121A-49A3-4255-A8C1-E4B6E7DDD599}.Release|Any CPU.Build.0 = Release|Any CPU
		{3D98853D-FC17-40A7-9F42-7C1A7476FB7E}.Debug|Any CPU.ActiveCfg = Debug|Any CPU
		{3D98853D-FC17-40A7-9F42-7C1A7476FB7E}.Debug|Any CPU.Build.0 = Debug|Any CPU
		{3D98853D-FC17-40A7-9F42-7C1A7476FB7E}.Release|Any CPU.ActiveCfg = Release|Any CPU
		{3D98853D-FC17-40A7-9F42-7C1A7476FB7E}.Release|Any CPU.Build.0 = Release|Any CPU
		{6CB46510-FEEA-4BBA-91C7-54DD7544136E}.Debug|Any CPU.ActiveCfg = Debug|Any CPU
		{6CB46510-FEEA-4BBA-91C7-54DD7544136E}.Debug|Any CPU.Build.0 = Debug|Any CPU
		{6CB46510-FEEA-4BBA-91C7-54DD7544136E}.Release|Any CPU.ActiveCfg = Release|Any CPU
		{6CB46510-FEEA-4BBA-91C7-54DD7544136E}.Release|Any CPU.Build.0 = Release|Any CPU
		{D190A43F-AB04-4695-B5DE-1C2DC0B779EB}.Debug|Any CPU.ActiveCfg = Debug|Any CPU
		{D190A43F-AB04-4695-B5DE-1C2DC0B779EB}.Debug|Any CPU.Build.0 = Debug|Any CPU
		{D190A43F-AB04-4695-B5DE-1C2DC0B779EB}.Release|Any CPU.ActiveCfg = Release|Any CPU
		{D190A43F-AB04-4695-B5DE-1C2DC0B779EB}.Release|Any CPU.Build.0 = Release|Any CPU
		{8A4DB8DE-C3FA-4FCF-84CC-6C287DEF17F8}.Debug|Any CPU.ActiveCfg = Debug|Any CPU
		{8A4DB8DE-C3FA-4FCF-84CC-6C287DEF17F8}.Debug|Any CPU.Build.0 = Debug|Any CPU
		{8A4DB8DE-C3FA-4FCF-84CC-6C287DEF17F8}.Release|Any CPU.ActiveCfg = Release|Any CPU
		{8A4DB8DE-C3FA-4FCF-84CC-6C287DEF17F8}.Release|Any CPU.Build.0 = Release|Any CPU
		{9A06C209-20EC-4FBD-90EA-FD101E05ACB4}.Debug|Any CPU.ActiveCfg = Debug|Any CPU
		{9A06C209-20EC-4FBD-90EA-FD101E05ACB4}.Debug|Any CPU.Build.0 = Debug|Any CPU
		{9A06C209-20EC-4FBD-90EA-FD101E05ACB4}.Release|Any CPU.ActiveCfg = Release|Any CPU
		{9A06C209-20EC-4FBD-90EA-FD101E05ACB4}.Release|Any CPU.Build.0 = Release|Any CPU
	EndGlobalSection
	GlobalSection(SolutionProperties) = preSolution
		HideSolutionNode = FALSE
	EndGlobalSection
	GlobalSection(NestedProjects) = preSolution
		{7A8BA206-1F34-4C2E-A96D-45B21DFDB698} = {676F6F40-C80A-4CE5-8BEA-9605E1EE6E70}
		{055F6E7B-268B-4260-B1CC-E71DDDA20582} = {676F6F40-C80A-4CE5-8BEA-9605E1EE6E70}
		{310E85E1-ABE1-4F81-87D7-1D34233F554E} = {676F6F40-C80A-4CE5-8BEA-9605E1EE6E70}
		{3BB2121A-49A3-4255-A8C1-E4B6E7DDD599} = {676F6F40-C80A-4CE5-8BEA-9605E1EE6E70}
		{3D98853D-FC17-40A7-9F42-7C1A7476FB7E} = {7A8BA206-1F34-4C2E-A96D-45B21DFDB698}
		{6CB46510-FEEA-4BBA-91C7-54DD7544136E} = {7A8BA206-1F34-4C2E-A96D-45B21DFDB698}
		{D190A43F-AB04-4695-B5DE-1C2DC0B779EB} = {055F6E7B-268B-4260-B1CC-E71DDDA20582}
		{8A4DB8DE-C3FA-4FCF-84CC-6C287DEF17F8} = {055F6E7B-268B-4260-B1CC-E71DDDA20582}
		{9A06C209-20EC-4FBD-90EA-FD101E05ACB4} = {055F6E7B-268B-4260-B1CC-E71DDDA20582}
	EndGlobalSection
	GlobalSection(ExtensibilityGlobals) = postSolution
		SolutionGuid = {57D3CD30-0BBD-411D-B1A7-D30CAAEA7970}
	EndGlobalSection
EndGlobal
